// !$*UTF8*$!
{
	archiveVersion = 1;
	classes = {
	};
	objectVersion = 56;
	objects = {

/* Begin PBXBuildFile section */
		DA3D6F912C17906000C621CC /* Quick in Frameworks */ = {isa = PBXBuildFile; productRef = DA3D6F902C17906000C621CC /* Quick */; };
		DABA77FF2C1793B800DDFE7D /* Nimble in Frameworks */ = {isa = PBXBuildFile; productRef = DABA77FE2C1793B800DDFE7D /* Nimble */; };
		DABA78022C17943A00DDFE7D /* Nimble-Snapshots in Frameworks */ = {isa = PBXBuildFile; productRef = DABA78012C17943A00DDFE7D /* Nimble-Snapshots */; };
		DABA78052C1799E400DDFE7D /* ExampleModel.swift in Sources */ = {isa = PBXBuildFile; fileRef = DABA78042C1799E400DDFE7D /* ExampleModel.swift */; };
		DABA78092C1B6AF400DDFE7D /* ModelCodableBool.swift in Sources */ = {isa = PBXBuildFile; fileRef = DABA78082C1B6AF400DDFE7D /* ModelCodableBool.swift */; };
		DABA780C2C1B6B6000DDFE7D /* DecodableWraper.swift in Sources */ = {isa = PBXBuildFile; fileRef = DABA780B2C1B6B6000DDFE7D /* DecodableWraper.swift */; };
		DABA780E2C1B720E00DDFE7D /* ModelEnumCaseUnknown.swift in Sources */ = {isa = PBXBuildFile; fileRef = DABA780D2C1B720E00DDFE7D /* ModelEnumCaseUnknown.swift */; };
		DABA78102C1B756300DDFE7D /* ModelEnumWithVars.swift in Sources */ = {isa = PBXBuildFile; fileRef = DABA780F2C1B756300DDFE7D /* ModelEnumWithVars.swift */; };
		DABA78132C1B7F1000DDFE7D /* Models+Stub.swift in Sources */ = {isa = PBXBuildFile; fileRef = DABA78122C1B7F1000DDFE7D /* Models+Stub.swift */; };
		DABA78152C1B89EB00DDFE7D /* ExampleModelTests.swift in Sources */ = {isa = PBXBuildFile; fileRef = DABA78142C1B89EB00DDFE7D /* ExampleModelTests.swift */; };
		DABA78172C1B935E00DDFE7D /* ModelCodableBoolTests.swift in Sources */ = {isa = PBXBuildFile; fileRef = DABA78162C1B935E00DDFE7D /* ModelCodableBoolTests.swift */; };
		DABA781A2C1B943C00DDFE7D /* FixtureHelper.swift in Sources */ = {isa = PBXBuildFile; fileRef = DABA78192C1B943C00DDFE7D /* FixtureHelper.swift */; };
		DABA781F2C1C719A00DDFE7D /* ExampleModelWithoutParams.json in Resources */ = {isa = PBXBuildFile; fileRef = DABA781E2C1C719A00DDFE7D /* ExampleModelWithoutParams.json */; };
		DABA78212C1C71C400DDFE7D /* ExampleModel.json in Resources */ = {isa = PBXBuildFile; fileRef = DABA78202C1C71C400DDFE7D /* ExampleModel.json */; };
		DABA78232C1C73C500DDFE7D /* ModelCodableBool.json in Resources */ = {isa = PBXBuildFile; fileRef = DABA78222C1C73C500DDFE7D /* ModelCodableBool.json */; };
		DABA78252C1C73E800DDFE7D /* ModelCodableBoolWithoutParams.json in Resources */ = {isa = PBXBuildFile; fileRef = DABA78242C1C73E800DDFE7D /* ModelCodableBoolWithoutParams.json */; };
		DABA78272C1C743200DDFE7D /* ModelEnumCaseUnknown.json in Resources */ = {isa = PBXBuildFile; fileRef = DABA78262C1C743200DDFE7D /* ModelEnumCaseUnknown.json */; };
		DABA78292C1C744C00DDFE7D /* ModelEnumCaseUnknownInvalidStatus.json in Resources */ = {isa = PBXBuildFile; fileRef = DABA78282C1C744C00DDFE7D /* ModelEnumCaseUnknownInvalidStatus.json */; };
		DABA782B2C1C749B00DDFE7D /* ModelEnumWithVars.json in Resources */ = {isa = PBXBuildFile; fileRef = DABA782A2C1C749B00DDFE7D /* ModelEnumWithVars.json */; };
		DABA782D2C1C74B500DDFE7D /* ModelEnumWithVarsInvalidId.json in Resources */ = {isa = PBXBuildFile; fileRef = DABA782C2C1C74B500DDFE7D /* ModelEnumWithVarsInvalidId.json */; };
		DABA782F2C1C7DFB00DDFE7D /* ModelEnumCaseUnknownTests.swift in Sources */ = {isa = PBXBuildFile; fileRef = DABA782E2C1C7DFB00DDFE7D /* ModelEnumCaseUnknownTests.swift */; };
		DAC805992C17859300EAA3D6 /* AppDelegate.swift in Sources */ = {isa = PBXBuildFile; fileRef = DAC805982C17859300EAA3D6 /* AppDelegate.swift */; };
		DAC8059B2C17859300EAA3D6 /* SceneDelegate.swift in Sources */ = {isa = PBXBuildFile; fileRef = DAC8059A2C17859300EAA3D6 /* SceneDelegate.swift */; };
		DAC8059D2C17859300EAA3D6 /* ViewController.swift in Sources */ = {isa = PBXBuildFile; fileRef = DAC8059C2C17859300EAA3D6 /* ViewController.swift */; };
		DAC805A02C17859300EAA3D6 /* Main.storyboard in Resources */ = {isa = PBXBuildFile; fileRef = DAC8059E2C17859300EAA3D6 /* Main.storyboard */; };
		DAC805A22C17859600EAA3D6 /* Assets.xcassets in Resources */ = {isa = PBXBuildFile; fileRef = DAC805A12C17859600EAA3D6 /* Assets.xcassets */; };
		DAC805A52C17859600EAA3D6 /* LaunchScreen.storyboard in Resources */ = {isa = PBXBuildFile; fileRef = DAC805A32C17859600EAA3D6 /* LaunchScreen.storyboard */; };
		DAC805B02C17859700EAA3D6 /* Decode_techniquesTests.swift in Sources */ = {isa = PBXBuildFile; fileRef = DAC805AF2C17859700EAA3D6 /* Decode_techniquesTests.swift */; };
/* End PBXBuildFile section */

/* Begin PBXContainerItemProxy section */
		DAC805AC2C17859700EAA3D6 /* PBXContainerItemProxy */ = {
			isa = PBXContainerItemProxy;
			containerPortal = DAC8058D2C17859300EAA3D6 /* Project object */;
			proxyType = 1;
			remoteGlobalIDString = DAC805942C17859300EAA3D6;
			remoteInfo = "Decode techniques";
		};
/* End PBXContainerItemProxy section */

/* Begin PBXFileReference section */
		DABA78042C1799E400DDFE7D /* ExampleModel.swift */ = {isa = PBXFileReference; lastKnownFileType = sourcecode.swift; path = ExampleModel.swift; sourceTree = "<group>"; };
		DABA78082C1B6AF400DDFE7D /* ModelCodableBool.swift */ = {isa = PBXFileReference; lastKnownFileType = sourcecode.swift; path = ModelCodableBool.swift; sourceTree = "<group>"; };
		DABA780B2C1B6B6000DDFE7D /* DecodableWraper.swift */ = {isa = PBXFileReference; lastKnownFileType = sourcecode.swift; path = DecodableWraper.swift; sourceTree = "<group>"; };
		DABA780D2C1B720E00DDFE7D /* ModelEnumCaseUnknown.swift */ = {isa = PBXFileReference; lastKnownFileType = sourcecode.swift; path = ModelEnumCaseUnknown.swift; sourceTree = "<group>"; };
		DABA780F2C1B756300DDFE7D /* ModelEnumWithVars.swift */ = {isa = PBXFileReference; lastKnownFileType = sourcecode.swift; path = ModelEnumWithVars.swift; sourceTree = "<group>"; };
		DABA78122C1B7F1000DDFE7D /* Models+Stub.swift */ = {isa = PBXFileReference; lastKnownFileType = sourcecode.swift; path = "Models+Stub.swift"; sourceTree = "<group>"; };
		DABA78142C1B89EB00DDFE7D /* ExampleModelTests.swift */ = {isa = PBXFileReference; lastKnownFileType = sourcecode.swift; path = ExampleModelTests.swift; sourceTree = "<group>"; };
		DABA78162C1B935E00DDFE7D /* ModelCodableBoolTests.swift */ = {isa = PBXFileReference; lastKnownFileType = sourcecode.swift; path = ModelCodableBoolTests.swift; sourceTree = "<group>"; };
		DABA78192C1B943C00DDFE7D /* FixtureHelper.swift */ = {isa = PBXFileReference; lastKnownFileType = sourcecode.swift; path = FixtureHelper.swift; sourceTree = "<group>"; };
		DABA781E2C1C719A00DDFE7D /* ExampleModelWithoutParams.json */ = {isa = PBXFileReference; lastKnownFileType = text.json; path = ExampleModelWithoutParams.json; sourceTree = "<group>"; };
		DABA78202C1C71C400DDFE7D /* ExampleModel.json */ = {isa = PBXFileReference; lastKnownFileType = text.json; path = ExampleModel.json; sourceTree = "<group>"; };
		DABA78222C1C73C500DDFE7D /* ModelCodableBool.json */ = {isa = PBXFileReference; lastKnownFileType = text.json; path = ModelCodableBool.json; sourceTree = "<group>"; };
		DABA78242C1C73E800DDFE7D /* ModelCodableBoolWithoutParams.json */ = {isa = PBXFileReference; lastKnownFileType = text.json; path = ModelCodableBoolWithoutParams.json; sourceTree = "<group>"; };
		DABA78262C1C743200DDFE7D /* ModelEnumCaseUnknown.json */ = {isa = PBXFileReference; lastKnownFileType = text.json; path = ModelEnumCaseUnknown.json; sourceTree = "<group>"; };
		DABA78282C1C744C00DDFE7D /* ModelEnumCaseUnknownInvalidStatus.json */ = {isa = PBXFileReference; lastKnownFileType = text.json; path = ModelEnumCaseUnknownInvalidStatus.json; sourceTree = "<group>"; };
		DABA782A2C1C749B00DDFE7D /* ModelEnumWithVars.json */ = {isa = PBXFileReference; lastKnownFileType = text.json; path = ModelEnumWithVars.json; sourceTree = "<group>"; };
		DABA782C2C1C74B500DDFE7D /* ModelEnumWithVarsInvalidId.json */ = {isa = PBXFileReference; lastKnownFileType = text.json; path = ModelEnumWithVarsInvalidId.json; sourceTree = "<group>"; xcLanguageSpecificationIdentifier = xcode.lang.swift; };
		DABA782E2C1C7DFB00DDFE7D /* ModelEnumCaseUnknownTests.swift */ = {isa = PBXFileReference; lastKnownFileType = sourcecode.swift; path = ModelEnumCaseUnknownTests.swift; sourceTree = "<group>"; };
		DAC805952C17859300EAA3D6 /* Decode techniques.app */ = {isa = PBXFileReference; explicitFileType = wrapper.application; includeInIndex = 0; path = "Decode techniques.app"; sourceTree = BUILT_PRODUCTS_DIR; };
		DAC805982C17859300EAA3D6 /* AppDelegate.swift */ = {isa = PBXFileReference; lastKnownFileType = sourcecode.swift; path = AppDelegate.swift; sourceTree = "<group>"; };
		DAC8059A2C17859300EAA3D6 /* SceneDelegate.swift */ = {isa = PBXFileReference; lastKnownFileType = sourcecode.swift; path = SceneDelegate.swift; sourceTree = "<group>"; };
		DAC8059C2C17859300EAA3D6 /* ViewController.swift */ = {isa = PBXFileReference; lastKnownFileType = sourcecode.swift; path = ViewController.swift; sourceTree = "<group>"; };
		DAC8059F2C17859300EAA3D6 /* Base */ = {isa = PBXFileReference; lastKnownFileType = file.storyboard; name = Base; path = Base.lproj/Main.storyboard; sourceTree = "<group>"; };
		DAC805A12C17859600EAA3D6 /* Assets.xcassets */ = {isa = PBXFileReference; lastKnownFileType = folder.assetcatalog; path = Assets.xcassets; sourceTree = "<group>"; };
		DAC805A42C17859600EAA3D6 /* Base */ = {isa = PBXFileReference; lastKnownFileType = file.storyboard; name = Base; path = Base.lproj/LaunchScreen.storyboard; sourceTree = "<group>"; };
		DAC805A62C17859600EAA3D6 /* Info.plist */ = {isa = PBXFileReference; lastKnownFileType = text.plist.xml; path = Info.plist; sourceTree = "<group>"; };
		DAC805AB2C17859700EAA3D6 /* Decode techniquesTests.xctest */ = {isa = PBXFileReference; explicitFileType = wrapper.cfbundle; includeInIndex = 0; path = "Decode techniquesTests.xctest"; sourceTree = BUILT_PRODUCTS_DIR; };
		DAC805AF2C17859700EAA3D6 /* Decode_techniquesTests.swift */ = {isa = PBXFileReference; lastKnownFileType = sourcecode.swift; path = Decode_techniquesTests.swift; sourceTree = "<group>"; };
/* End PBXFileReference section */

/* Begin PBXFrameworksBuildPhase section */
		DAC805922C17859300EAA3D6 /* Frameworks */ = {
			isa = PBXFrameworksBuildPhase;
			buildActionMask = 2147483647;
			files = (
			);
			runOnlyForDeploymentPostprocessing = 0;
		};
		DAC805A82C17859700EAA3D6 /* Frameworks */ = {
			isa = PBXFrameworksBuildPhase;
			buildActionMask = 2147483647;
			files = (
				DA3D6F912C17906000C621CC /* Quick in Frameworks */,
				DABA77FF2C1793B800DDFE7D /* Nimble in Frameworks */,
				DABA78022C17943A00DDFE7D /* Nimble-Snapshots in Frameworks */,
			);
			runOnlyForDeploymentPostprocessing = 0;
		};
/* End PBXFrameworksBuildPhase section */

/* Begin PBXGroup section */
		DABA78032C17959600DDFE7D /* Models */ = {
			isa = PBXGroup;
			children = (
				DABA78042C1799E400DDFE7D /* ExampleModel.swift */,
				DABA78082C1B6AF400DDFE7D /* ModelCodableBool.swift */,
				DABA780D2C1B720E00DDFE7D /* ModelEnumCaseUnknown.swift */,
				DABA780F2C1B756300DDFE7D /* ModelEnumWithVars.swift */,
			);
			path = Models;
			sourceTree = "<group>";
		};
		DABA780A2C1B6B2600DDFE7D /* Helpers */ = {
			isa = PBXGroup;
			children = (
				DABA780B2C1B6B6000DDFE7D /* DecodableWraper.swift */,
			);
			path = Helpers;
			sourceTree = "<group>";
		};
		DABA78112C1B7EE100DDFE7D /* Stubs */ = {
			isa = PBXGroup;
			children = (
				DABA78122C1B7F1000DDFE7D /* Models+Stub.swift */,
			);
			path = Stubs;
			sourceTree = "<group>";
		};
		DABA78182C1B940800DDFE7D /* Helpers */ = {
			isa = PBXGroup;
			children = (
				DABA78192C1B943C00DDFE7D /* FixtureHelper.swift */,
			);
			path = Helpers;
			sourceTree = "<group>";
		};
		DABA781B2C1C6FFA00DDFE7D /* Jsons */ = {
			isa = PBXGroup;
			children = (
				DABA78202C1C71C400DDFE7D /* ExampleModel.json */,
				DABA781E2C1C719A00DDFE7D /* ExampleModelWithoutParams.json */,
				DABA78222C1C73C500DDFE7D /* ModelCodableBool.json */,
				DABA78242C1C73E800DDFE7D /* ModelCodableBoolWithoutParams.json */,
				DABA78262C1C743200DDFE7D /* ModelEnumCaseUnknown.json */,
				DABA78282C1C744C00DDFE7D /* ModelEnumCaseUnknownInvalidStatus.json */,
				DABA782A2C1C749B00DDFE7D /* ModelEnumWithVars.json */,
				DABA782C2C1C74B500DDFE7D /* ModelEnumWithVarsInvalidId.json */,
			);
			path = Jsons;
			sourceTree = "<group>";
		};
		DAC8058C2C17859300EAA3D6 = {
			isa = PBXGroup;
			children = (
				DAC805972C17859300EAA3D6 /* Decode techniques */,
				DAC805AE2C17859700EAA3D6 /* Decode techniquesTests */,
				DAC805962C17859300EAA3D6 /* Products */,
			);
			sourceTree = "<group>";
		};
		DAC805962C17859300EAA3D6 /* Products */ = {
			isa = PBXGroup;
			children = (
				DAC805952C17859300EAA3D6 /* Decode techniques.app */,
				DAC805AB2C17859700EAA3D6 /* Decode techniquesTests.xctest */,
			);
			name = Products;
			sourceTree = "<group>";
		};
		DAC805972C17859300EAA3D6 /* Decode techniques */ = {
			isa = PBXGroup;
			children = (
				DABA780A2C1B6B2600DDFE7D /* Helpers */,
				DABA78032C17959600DDFE7D /* Models */,
				DAC805982C17859300EAA3D6 /* AppDelegate.swift */,
				DAC8059A2C17859300EAA3D6 /* SceneDelegate.swift */,
				DAC8059C2C17859300EAA3D6 /* ViewController.swift */,
				DAC8059E2C17859300EAA3D6 /* Main.storyboard */,
				DAC805A12C17859600EAA3D6 /* Assets.xcassets */,
				DAC805A32C17859600EAA3D6 /* LaunchScreen.storyboard */,
				DAC805A62C17859600EAA3D6 /* Info.plist */,
			);
			path = "Decode techniques";
			sourceTree = "<group>";
		};
		DAC805AE2C17859700EAA3D6 /* Decode techniquesTests */ = {
			isa = PBXGroup;
			children = (
				DABA781B2C1C6FFA00DDFE7D /* Jsons */,
				DABA78182C1B940800DDFE7D /* Helpers */,
				DABA78112C1B7EE100DDFE7D /* Stubs */,
				DAC805AF2C17859700EAA3D6 /* Decode_techniquesTests.swift */,
				DABA78142C1B89EB00DDFE7D /* ExampleModelTests.swift */,
				DABA78162C1B935E00DDFE7D /* ModelCodableBoolTests.swift */,
				DABA782E2C1C7DFB00DDFE7D /* ModelEnumCaseUnknownTests.swift */,
			);
			path = "Decode techniquesTests";
			sourceTree = "<group>";
		};
/* End PBXGroup section */

/* Begin PBXNativeTarget section */
		DAC805942C17859300EAA3D6 /* Decode techniques */ = {
			isa = PBXNativeTarget;
			buildConfigurationList = DAC805BF2C17859700EAA3D6 /* Build configuration list for PBXNativeTarget "Decode techniques" */;
			buildPhases = (
				DAC805912C17859300EAA3D6 /* Sources */,
				DAC805922C17859300EAA3D6 /* Frameworks */,
				DAC805932C17859300EAA3D6 /* Resources */,
			);
			buildRules = (
			);
			dependencies = (
			);
			name = "Decode techniques";
			productName = "Decode techniques";
			productReference = DAC805952C17859300EAA3D6 /* Decode techniques.app */;
			productType = "com.apple.product-type.application";
		};
		DAC805AA2C17859700EAA3D6 /* Decode techniquesTests */ = {
			isa = PBXNativeTarget;
			buildConfigurationList = DAC805C22C17859700EAA3D6 /* Build configuration list for PBXNativeTarget "Decode techniquesTests" */;
			buildPhases = (
				DAC805A72C17859700EAA3D6 /* Sources */,
				DAC805A82C17859700EAA3D6 /* Frameworks */,
				DAC805A92C17859700EAA3D6 /* Resources */,
			);
			buildRules = (
			);
			dependencies = (
				DAC805AD2C17859700EAA3D6 /* PBXTargetDependency */,
			);
			name = "Decode techniquesTests";
			packageProductDependencies = (
				DA3D6F902C17906000C621CC /* Quick */,
				DABA77FE2C1793B800DDFE7D /* Nimble */,
				DABA78012C17943A00DDFE7D /* Nimble-Snapshots */,
			);
			productName = "Decode techniquesTests";
			productReference = DAC805AB2C17859700EAA3D6 /* Decode techniquesTests.xctest */;
			productType = "com.apple.product-type.bundle.unit-test";
		};
/* End PBXNativeTarget section */

/* Begin PBXProject section */
		DAC8058D2C17859300EAA3D6 /* Project object */ = {
			isa = PBXProject;
			attributes = {
				BuildIndependentTargetsInParallel = 1;
				LastSwiftUpdateCheck = 1420;
				LastUpgradeCheck = 1420;
				TargetAttributes = {
					DAC805942C17859300EAA3D6 = {
						CreatedOnToolsVersion = 14.2;
					};
					DAC805AA2C17859700EAA3D6 = {
						CreatedOnToolsVersion = 14.2;
						TestTargetID = DAC805942C17859300EAA3D6;
					};
				};
			};
			buildConfigurationList = DAC805902C17859300EAA3D6 /* Build configuration list for PBXProject "Decode techniques" */;
			compatibilityVersion = "Xcode 14.0";
			developmentRegion = en;
			hasScannedForEncodings = 0;
			knownRegions = (
				en,
				Base,
			);
			mainGroup = DAC8058C2C17859300EAA3D6;
			packageReferences = (
				DA3D6F8F2C17906000C621CC /* XCRemoteSwiftPackageReference "Quick" */,
				DABA77FD2C1793B800DDFE7D /* XCRemoteSwiftPackageReference "Nimble" */,
				DABA78002C17943A00DDFE7D /* XCRemoteSwiftPackageReference "Nimble-Snapshots" */,
			);
			productRefGroup = DAC805962C17859300EAA3D6 /* Products */;
			projectDirPath = "";
			projectRoot = "";
			targets = (
				DAC805942C17859300EAA3D6 /* Decode techniques */,
				DAC805AA2C17859700EAA3D6 /* Decode techniquesTests */,
			);
		};
/* End PBXProject section */

/* Begin PBXResourcesBuildPhase section */
		DAC805932C17859300EAA3D6 /* Resources */ = {
			isa = PBXResourcesBuildPhase;
			buildActionMask = 2147483647;
			files = (
				DAC805A52C17859600EAA3D6 /* LaunchScreen.storyboard in Resources */,
				DAC805A22C17859600EAA3D6 /* Assets.xcassets in Resources */,
				DAC805A02C17859300EAA3D6 /* Main.storyboard in Resources */,
			);
			runOnlyForDeploymentPostprocessing = 0;
		};
		DAC805A92C17859700EAA3D6 /* Resources */ = {
			isa = PBXResourcesBuildPhase;
			buildActionMask = 2147483647;
			files = (
				DABA78212C1C71C400DDFE7D /* ExampleModel.json in Resources */,
				DABA782D2C1C74B500DDFE7D /* ModelEnumWithVarsInvalidId.json in Resources */,
				DABA78252C1C73E800DDFE7D /* ModelCodableBoolWithoutParams.json in Resources */,
				DABA78272C1C743200DDFE7D /* ModelEnumCaseUnknown.json in Resources */,
				DABA78232C1C73C500DDFE7D /* ModelCodableBool.json in Resources */,
				DABA782B2C1C749B00DDFE7D /* ModelEnumWithVars.json in Resources */,
				DABA781F2C1C719A00DDFE7D /* ExampleModelWithoutParams.json in Resources */,
				DABA78292C1C744C00DDFE7D /* ModelEnumCaseUnknownInvalidStatus.json in Resources */,
			);
			runOnlyForDeploymentPostprocessing = 0;
		};
/* End PBXResourcesBuildPhase section */

/* Begin PBXSourcesBuildPhase section */
		DAC805912C17859300EAA3D6 /* Sources */ = {
			isa = PBXSourcesBuildPhase;
			buildActionMask = 2147483647;
			files = (
				DABA78102C1B756300DDFE7D /* ModelEnumWithVars.swift in Sources */,
				DAC8059D2C17859300EAA3D6 /* ViewController.swift in Sources */,
				DABA780E2C1B720E00DDFE7D /* ModelEnumCaseUnknown.swift in Sources */,
				DAC805992C17859300EAA3D6 /* AppDelegate.swift in Sources */,
				DABA780C2C1B6B6000DDFE7D /* DecodableWraper.swift in Sources */,
				DABA78092C1B6AF400DDFE7D /* ModelCodableBool.swift in Sources */,
				DAC8059B2C17859300EAA3D6 /* SceneDelegate.swift in Sources */,
				DABA78052C1799E400DDFE7D /* ExampleModel.swift in Sources */,
			);
			runOnlyForDeploymentPostprocessing = 0;
		};
		DAC805A72C17859700EAA3D6 /* Sources */ = {
			isa = PBXSourcesBuildPhase;
			buildActionMask = 2147483647;
			files = (
				DABA78172C1B935E00DDFE7D /* ModelCodableBoolTests.swift in Sources */,
				DABA781A2C1B943C00DDFE7D /* FixtureHelper.swift in Sources */,
				DAC805B02C17859700EAA3D6 /* Decode_techniquesTests.swift in Sources */,
				DABA782F2C1C7DFB00DDFE7D /* ModelEnumCaseUnknownTests.swift in Sources */,
				DABA78152C1B89EB00DDFE7D /* ExampleModelTests.swift in Sources */,
				DABA78132C1B7F1000DDFE7D /* Models+Stub.swift in Sources */,
			);
			runOnlyForDeploymentPostprocessing = 0;
		};
/* End PBXSourcesBuildPhase section */

/* Begin PBXTargetDependency section */
		DAC805AD2C17859700EAA3D6 /* PBXTargetDependency */ = {
			isa = PBXTargetDependency;
			target = DAC805942C17859300EAA3D6 /* Decode techniques */;
			targetProxy = DAC805AC2C17859700EAA3D6 /* PBXContainerItemProxy */;
		};
/* End PBXTargetDependency section */

/* Begin PBXVariantGroup section */
		DAC8059E2C17859300EAA3D6 /* Main.storyboard */ = {
			isa = PBXVariantGroup;
			children = (
				DAC8059F2C17859300EAA3D6 /* Base */,
			);
			name = Main.storyboard;
			sourceTree = "<group>";
		};
		DAC805A32C17859600EAA3D6 /* LaunchScreen.storyboard */ = {
			isa = PBXVariantGroup;
			children = (
				DAC805A42C17859600EAA3D6 /* Base */,
			);
			name = LaunchScreen.storyboard;
			sourceTree = "<group>";
		};
/* End PBXVariantGroup section */

/* Begin XCBuildConfiguration section */
		DAC805BD2C17859700EAA3D6 /* Debug */ = {
			isa = XCBuildConfiguration;
			buildSettings = {
				ALWAYS_SEARCH_USER_PATHS = NO;
				CLANG_ANALYZER_NONNULL = YES;
				CLANG_ANALYZER_NUMBER_OBJECT_CONVERSION = YES_AGGRESSIVE;
				CLANG_CXX_LANGUAGE_STANDARD = "gnu++20";
				CLANG_ENABLE_MODULES = YES;
				CLANG_ENABLE_OBJC_ARC = YES;
				CLANG_ENABLE_OBJC_WEAK = YES;
				CLANG_WARN_BLOCK_CAPTURE_AUTORELEASING = YES;
				CLANG_WARN_BOOL_CONVERSION = YES;
				CLANG_WARN_COMMA = YES;
				CLANG_WARN_CONSTANT_CONVERSION = YES;
				CLANG_WARN_DEPRECATED_OBJC_IMPLEMENTATIONS = YES;
				CLANG_WARN_DIRECT_OBJC_ISA_USAGE = YES_ERROR;
				CLANG_WARN_DOCUMENTATION_COMMENTS = YES;
				CLANG_WARN_EMPTY_BODY = YES;
				CLANG_WARN_ENUM_CONVERSION = YES;
				CLANG_WARN_INFINITE_RECURSION = YES;
				CLANG_WARN_INT_CONVERSION = YES;
				CLANG_WARN_NON_LITERAL_NULL_CONVERSION = YES;
				CLANG_WARN_OBJC_IMPLICIT_RETAIN_SELF = YES;
				CLANG_WARN_OBJC_LITERAL_CONVERSION = YES;
				CLANG_WARN_OBJC_ROOT_CLASS = YES_ERROR;
				CLANG_WARN_QUOTED_INCLUDE_IN_FRAMEWORK_HEADER = YES;
				CLANG_WARN_RANGE_LOOP_ANALYSIS = YES;
				CLANG_WARN_STRICT_PROTOTYPES = YES;
				CLANG_WARN_SUSPICIOUS_MOVE = YES;
				CLANG_WARN_UNGUARDED_AVAILABILITY = YES_AGGRESSIVE;
				CLANG_WARN_UNREACHABLE_CODE = YES;
				CLANG_WARN__DUPLICATE_METHOD_MATCH = YES;
				COPY_PHASE_STRIP = NO;
				DEBUG_INFORMATION_FORMAT = dwarf;
				ENABLE_STRICT_OBJC_MSGSEND = YES;
				ENABLE_TESTABILITY = YES;
				GCC_C_LANGUAGE_STANDARD = gnu11;
				GCC_DYNAMIC_NO_PIC = NO;
				GCC_NO_COMMON_BLOCKS = YES;
				GCC_OPTIMIZATION_LEVEL = 0;
				GCC_PREPROCESSOR_DEFINITIONS = (
					"DEBUG=1",
					"$(inherited)",
				);
				GCC_WARN_64_TO_32_BIT_CONVERSION = YES;
				GCC_WARN_ABOUT_RETURN_TYPE = YES_ERROR;
				GCC_WARN_UNDECLARED_SELECTOR = YES;
				GCC_WARN_UNINITIALIZED_AUTOS = YES_AGGRESSIVE;
				GCC_WARN_UNUSED_FUNCTION = YES;
				GCC_WARN_UNUSED_VARIABLE = YES;
				IPHONEOS_DEPLOYMENT_TARGET = 16.2;
				MTL_ENABLE_DEBUG_INFO = INCLUDE_SOURCE;
				MTL_FAST_MATH = YES;
				ONLY_ACTIVE_ARCH = YES;
				SDKROOT = iphoneos;
				SWIFT_ACTIVE_COMPILATION_CONDITIONS = DEBUG;
				SWIFT_OPTIMIZATION_LEVEL = "-Onone";
			};
			name = Debug;
		};
		DAC805BE2C17859700EAA3D6 /* Release */ = {
			isa = XCBuildConfiguration;
			buildSettings = {
				ALWAYS_SEARCH_USER_PATHS = NO;
				CLANG_ANALYZER_NONNULL = YES;
				CLANG_ANALYZER_NUMBER_OBJECT_CONVERSION = YES_AGGRESSIVE;
				CLANG_CXX_LANGUAGE_STANDARD = "gnu++20";
				CLANG_ENABLE_MODULES = YES;
				CLANG_ENABLE_OBJC_ARC = YES;
				CLANG_ENABLE_OBJC_WEAK = YES;
				CLANG_WARN_BLOCK_CAPTURE_AUTORELEASING = YES;
				CLANG_WARN_BOOL_CONVERSION = YES;
				CLANG_WARN_COMMA = YES;
				CLANG_WARN_CONSTANT_CONVERSION = YES;
				CLANG_WARN_DEPRECATED_OBJC_IMPLEMENTATIONS = YES;
				CLANG_WARN_DIRECT_OBJC_ISA_USAGE = YES_ERROR;
				CLANG_WARN_DOCUMENTATION_COMMENTS = YES;
				CLANG_WARN_EMPTY_BODY = YES;
				CLANG_WARN_ENUM_CONVERSION = YES;
				CLANG_WARN_INFINITE_RECURSION = YES;
				CLANG_WARN_INT_CONVERSION = YES;
				CLANG_WARN_NON_LITERAL_NULL_CONVERSION = YES;
				CLANG_WARN_OBJC_IMPLICIT_RETAIN_SELF = YES;
				CLANG_WARN_OBJC_LITERAL_CONVERSION = YES;
				CLANG_WARN_OBJC_ROOT_CLASS = YES_ERROR;
				CLANG_WARN_QUOTED_INCLUDE_IN_FRAMEWORK_HEADER = YES;
				CLANG_WARN_RANGE_LOOP_ANALYSIS = YES;
				CLANG_WARN_STRICT_PROTOTYPES = YES;
				CLANG_WARN_SUSPICIOUS_MOVE = YES;
				CLANG_WARN_UNGUARDED_AVAILABILITY = YES_AGGRESSIVE;
				CLANG_WARN_UNREACHABLE_CODE = YES;
				CLANG_WARN__DUPLICATE_METHOD_MATCH = YES;
				COPY_PHASE_STRIP = NO;
				DEBUG_INFORMATION_FORMAT = "dwarf-with-dsym";
				ENABLE_NS_ASSERTIONS = NO;
				ENABLE_STRICT_OBJC_MSGSEND = YES;
				GCC_C_LANGUAGE_STANDARD = gnu11;
				GCC_NO_COMMON_BLOCKS = YES;
				GCC_WARN_64_TO_32_BIT_CONVERSION = YES;
				GCC_WARN_ABOUT_RETURN_TYPE = YES_ERROR;
				GCC_WARN_UNDECLARED_SELECTOR = YES;
				GCC_WARN_UNINITIALIZED_AUTOS = YES_AGGRESSIVE;
				GCC_WARN_UNUSED_FUNCTION = YES;
				GCC_WARN_UNUSED_VARIABLE = YES;
				IPHONEOS_DEPLOYMENT_TARGET = 16.2;
				MTL_ENABLE_DEBUG_INFO = NO;
				MTL_FAST_MATH = YES;
				SDKROOT = iphoneos;
				SWIFT_COMPILATION_MODE = wholemodule;
				SWIFT_OPTIMIZATION_LEVEL = "-O";
				VALIDATE_PRODUCT = YES;
			};
			name = Release;
		};
		DAC805C02C17859700EAA3D6 /* Debug */ = {
			isa = XCBuildConfiguration;
			buildSettings = {
				ASSETCATALOG_COMPILER_APPICON_NAME = AppIcon;
				ASSETCATALOG_COMPILER_GLOBAL_ACCENT_COLOR_NAME = AccentColor;
				CODE_SIGN_STYLE = Automatic;
				CURRENT_PROJECT_VERSION = 1;
				GENERATE_INFOPLIST_FILE = YES;
				INFOPLIST_FILE = "Decode techniques/Info.plist";
				INFOPLIST_KEY_UIApplicationSupportsIndirectInputEvents = YES;
				INFOPLIST_KEY_UILaunchStoryboardName = LaunchScreen;
				INFOPLIST_KEY_UIMainStoryboardFile = Main;
				INFOPLIST_KEY_UISupportedInterfaceOrientations_iPad = "UIInterfaceOrientationPortrait UIInterfaceOrientationPortraitUpsideDown UIInterfaceOrientationLandscapeLeft UIInterfaceOrientationLandscapeRight";
				INFOPLIST_KEY_UISupportedInterfaceOrientations_iPhone = "UIInterfaceOrientationPortrait UIInterfaceOrientationLandscapeLeft UIInterfaceOrientationLandscapeRight";
				LD_RUNPATH_SEARCH_PATHS = (
					"$(inherited)",
					"@executable_path/Frameworks",
				);
				MARKETING_VERSION = 1.0;
				PRODUCT_BUNDLE_IDENTIFIER = "aycc.com.Decode-techniques";
				PRODUCT_NAME = "$(TARGET_NAME)";
				SWIFT_EMIT_LOC_STRINGS = YES;
				SWIFT_VERSION = 5.0;
				TARGETED_DEVICE_FAMILY = "1,2";
			};
			name = Debug;
		};
		DAC805C12C17859700EAA3D6 /* Release */ = {
			isa = XCBuildConfiguration;
			buildSettings = {
				ASSETCATALOG_COMPILER_APPICON_NAME = AppIcon;
				ASSETCATALOG_COMPILER_GLOBAL_ACCENT_COLOR_NAME = AccentColor;
				CODE_SIGN_STYLE = Automatic;
				CURRENT_PROJECT_VERSION = 1;
				GENERATE_INFOPLIST_FILE = YES;
				INFOPLIST_FILE = "Decode techniques/Info.plist";
				INFOPLIST_KEY_UIApplicationSupportsIndirectInputEvents = YES;
				INFOPLIST_KEY_UILaunchStoryboardName = LaunchScreen;
				INFOPLIST_KEY_UIMainStoryboardFile = Main;
				INFOPLIST_KEY_UISupportedInterfaceOrientations_iPad = "UIInterfaceOrientationPortrait UIInterfaceOrientationPortraitUpsideDown UIInterfaceOrientationLandscapeLeft UIInterfaceOrientationLandscapeRight";
				INFOPLIST_KEY_UISupportedInterfaceOrientations_iPhone = "UIInterfaceOrientationPortrait UIInterfaceOrientationLandscapeLeft UIInterfaceOrientationLandscapeRight";
				LD_RUNPATH_SEARCH_PATHS = (
					"$(inherited)",
					"@executable_path/Frameworks",
				);
				MARKETING_VERSION = 1.0;
				PRODUCT_BUNDLE_IDENTIFIER = "aycc.com.Decode-techniques";
				PRODUCT_NAME = "$(TARGET_NAME)";
				SWIFT_EMIT_LOC_STRINGS = YES;
				SWIFT_VERSION = 5.0;
				TARGETED_DEVICE_FAMILY = "1,2";
			};
			name = Release;
		};
		DAC805C32C17859700EAA3D6 /* Debug */ = {
			isa = XCBuildConfiguration;
			buildSettings = {
				ALWAYS_EMBED_SWIFT_STANDARD_LIBRARIES = YES;
				BUNDLE_LOADER = "$(TEST_HOST)";
				CODE_SIGN_STYLE = Automatic;
				CURRENT_PROJECT_VERSION = 1;
				GENERATE_INFOPLIST_FILE = YES;
				IPHONEOS_DEPLOYMENT_TARGET = 16.2;
				MARKETING_VERSION = 1.0;
				PRODUCT_BUNDLE_IDENTIFIER = "aycc.com.Decode-techniquesTests";
				PRODUCT_NAME = "$(TARGET_NAME)";
				SWIFT_EMIT_LOC_STRINGS = NO;
				SWIFT_VERSION = 5.0;
				TARGETED_DEVICE_FAMILY = "1,2";
				TEST_HOST = "$(BUILT_PRODUCTS_DIR)/Decode techniques.app/$(BUNDLE_EXECUTABLE_FOLDER_PATH)/Decode techniques";
			};
			name = Debug;
		};
		DAC805C42C17859700EAA3D6 /* Release */ = {
			isa = XCBuildConfiguration;
			buildSettings = {
				ALWAYS_EMBED_SWIFT_STANDARD_LIBRARIES = YES;
				BUNDLE_LOADER = "$(TEST_HOST)";
				CODE_SIGN_STYLE = Automatic;
				CURRENT_PROJECT_VERSION = 1;
				GENERATE_INFOPLIST_FILE = YES;
				IPHONEOS_DEPLOYMENT_TARGET = 16.2;
				MARKETING_VERSION = 1.0;
				PRODUCT_BUNDLE_IDENTIFIER = "aycc.com.Decode-techniquesTests";
				PRODUCT_NAME = "$(TARGET_NAME)";
				SWIFT_EMIT_LOC_STRINGS = NO;
				SWIFT_VERSION = 5.0;
				TARGETED_DEVICE_FAMILY = "1,2";
				TEST_HOST = "$(BUILT_PRODUCTS_DIR)/Decode techniques.app/$(BUNDLE_EXECUTABLE_FOLDER_PATH)/Decode techniques";
			};
			name = Release;
		};
/* End XCBuildConfiguration section */

/* Begin XCConfigurationList section */
		DAC805902C17859300EAA3D6 /* Build configuration list for PBXProject "Decode techniques" */ = {
			isa = XCConfigurationList;
			buildConfigurations = (
				DAC805BD2C17859700EAA3D6 /* Debug */,
				DAC805BE2C17859700EAA3D6 /* Release */,
			);
			defaultConfigurationIsVisible = 0;
			defaultConfigurationName = Release;
		};
		DAC805BF2C17859700EAA3D6 /* Build configuration list for PBXNativeTarget "Decode techniques" */ = {
			isa = XCConfigurationList;
			buildConfigurations = (
				DAC805C02C17859700EAA3D6 /* Debug */,
				DAC805C12C17859700EAA3D6 /* Release */,
			);
			defaultConfigurationIsVisible = 0;
			defaultConfigurationName = Release;
		};
		DAC805C22C17859700EAA3D6 /* Build configuration list for PBXNativeTarget "Decode techniquesTests" */ = {
			isa = XCConfigurationList;
			buildConfigurations = (
				DAC805C32C17859700EAA3D6 /* Debug */,
				DAC805C42C17859700EAA3D6 /* Release */,
			);
			defaultConfigurationIsVisible = 0;
			defaultConfigurationName = Release;
		};
/* End XCConfigurationList section */

/* Begin XCRemoteSwiftPackageReference section */
		DA3D6F8F2C17906000C621CC /* XCRemoteSwiftPackageReference "Quick" */ = {
			isa = XCRemoteSwiftPackageReference;
			repositoryURL = "https://github.com/Quick/Quick.git";
			requirement = {
				kind = upToNextMajorVersion;
				minimumVersion = 5.0.1;
			};
		};
		DABA77FD2C1793B800DDFE7D /* XCRemoteSwiftPackageReference "Nimble" */ = {
			isa = XCRemoteSwiftPackageReference;
			repositoryURL = "https://github.com/Quick/Nimble.git";
			requirement = {
				kind = upToNextMajorVersion;
				minimumVersion = 10.0.0;
			};
		};
		DABA78002C17943A00DDFE7D /* XCRemoteSwiftPackageReference "Nimble-Snapshots" */ = {
			isa = XCRemoteSwiftPackageReference;
			repositoryURL = "https://github.com/ashfurrow/Nimble-Snapshots";
			requirement = {
				kind = upToNextMajorVersion;
				minimumVersion = 9.0.0;
			};
		};
/* End XCRemoteSwiftPackageReference section */

/* Begin XCSwiftPackageProductDependency section */
		DA3D6F902C17906000C621CC /* Quick */ = {
			isa = XCSwiftPackageProductDependency;
			package = DA3D6F8F2C17906000C621CC /* XCRemoteSwiftPackageReference "Quick" */;
			productName = Quick;
		};
		DABA77FE2C1793B800DDFE7D /* Nimble */ = {
			isa = XCSwiftPackageProductDependency;
			package = DABA77FD2C1793B800DDFE7D /* XCRemoteSwiftPackageReference "Nimble" */;
			productName = Nimble;
		};
		DABA78012C17943A00DDFE7D /* Nimble-Snapshots */ = {
			isa = XCSwiftPackageProductDependency;
			package = DABA78002C17943A00DDFE7D /* XCRemoteSwiftPackageReference "Nimble-Snapshots" */;
			productName = "Nimble-Snapshots";
		};
/* End XCSwiftPackageProductDependency section */
	};
	rootObject = DAC8058D2C17859300EAA3D6 /* Project object */;
}
